
Microsoft Visual Studio Solution File, Format Version 12.00
# Visual Studio 2013
VisualStudioVersion = 12.0.31101.0
MinimumVisualStudioVersion = 10.0.40219.1
Project("{E24C65DC-7377-472B-9ABA-BC803B73C61A}") = "Fantasy Football", "http://localhost:54909", "{27732084-67D0-45AE-930D-CB6537DB9042}"
	ProjectSection(WebsiteProperties) = preProject
		UseIISExpress = "true"
		TargetFrameworkMoniker = ".NETFramework,Version%3Dv4.0"
		Debug.AspNetCompiler.VirtualPath = "/localhost_54909"
		Debug.AspNetCompiler.PhysicalPath = "E:\Personal projects\Fantasy Football\"
		Debug.AspNetCompiler.TargetPath = "PrecompiledWeb\localhost_54909\"
		Debug.AspNetCompiler.Updateable = "true"
		Debug.AspNetCompiler.ForceOverwrite = "true"
		Debug.AspNetCompiler.FixedNames = "false"
		Debug.AspNetCompiler.Debug = "True"
		Release.AspNetCompiler.VirtualPath = "/localhost_54909"
		Release.AspNetCompiler.PhysicalPath = "E:\Personal projects\Fantasy Football\"
		Release.AspNetCompiler.TargetPath = "PrecompiledWeb\localhost_54909\"
		Release.AspNetCompiler.Updateable = "true"
		Release.AspNetCompiler.ForceOverwrite = "true"
		Release.AspNetCompiler.FixedNames = "false"
		Release.AspNetCompiler.Debug = "False"
		SlnRelativePath = "E:\Personal projects\Fantasy Football\"
	EndProjectSection
EndProject
Global
	GlobalSection(SolutionConfigurationPlatforms) = preSolution
		Debug|Any CPU = Debug|Any CPU
	EndGlobalSection
	GlobalSection(ProjectConfigurationPlatforms) = postSolution
		{27732084-67D0-45AE-930D-CB6537DB9042}.Debug|Any CPU.ActiveCfg = Debug|Any CPU
		{27732084-67D0-45AE-930D-CB6537DB9042}.Debug|Any CPU.Build.0 = Debug|Any CPU
	EndGlobalSection
	GlobalSection(SolutionProperties) = preSolution
		HideSolutionNode = FALSE
	EndGlobalSection
EndGlobal
