{
  "name": "package",
  "version": "1.0.0",
  "lockfileVersion": 1,
  "requires": true,
  "dependencies": {
    "@types/handlebars": {
      "version": "4.0.36",
      "resolved": "https://registry.npmjs.org/@types/handlebars/-/handlebars-4.0.36.tgz",
      "integrity": "sha512-LjNiTX7TY7wtuC6y3QwC93hKMuqYhgV9A1uXBKNvZtVC8ZvyWAjZkJ5BvT0K7RKqORRYRLMrqCxpw5RgS+MdrQ=="
    },
    "@types/jquery": {
      "version": "3.2.11",
      "resolved": "https://registry.npmjs.org/@types/jquery/-/jquery-3.2.11.tgz",
      "integrity": "sha512-Hu1JquYz58pcLLJU4AWvtvo0Yq5HbEHGGJV/XlTfJtePxbpT1mzfGr6FlH08wTi/ClR2yUb21/P/lgoH+LrRow==",
      "dev": true
    },
    "@types/lz-string": {
      "version": "1.3.32",
      "resolved": "https://registry.npmjs.org/@types/lz-string/-/lz-string-1.3.32.tgz",
      "integrity": "sha1-YOJtD3Dapr84W5Q3uwL2YaVxP4E=",
      "dev": true
    },
    "@types/node": {
      "version": "9.4.0",
      "resolved": "https://registry.npmjs.org/@types/node/-/node-9.4.0.tgz",
      "integrity": "sha512-zkYho6/4wZyX6o9UQ8rd0ReEaiEYNNCqYFIAACe2Tf9DrYlgzWW27OigYHnnztnnZQwVRpwWmZKegFmDpinIsA==",
      "dev": true
    }
  }
}
